// !$*UTF8*$!
{
	archiveVersion = 1;
	classes = {
	};
	objectVersion = 56;
	objects = {

/* Begin PBXBuildFile section */
		98EC3D6F2B260A7A0063091F /* AppDelegate.swift in Sources */ = {isa = PBXBuildFile; fileRef = 98EC3D6E2B260A7A0063091F /* AppDelegate.swift */; };
		98EC3D712B260A7A0063091F /* SceneDelegate.swift in Sources */ = {isa = PBXBuildFile; fileRef = 98EC3D702B260A7A0063091F /* SceneDelegate.swift */; };
		98EC3D782B260A7C0063091F /* Assets.xcassets in Resources */ = {isa = PBXBuildFile; fileRef = 98EC3D772B260A7C0063091F /* Assets.xcassets */; };
		98EC3D7B2B260A7C0063091F /* LaunchScreen.storyboard in Resources */ = {isa = PBXBuildFile; fileRef = 98EC3D792B260A7C0063091F /* LaunchScreen.storyboard */; };
		98EC3D862B260A7C0063091F /* MasterMovieTests.swift in Sources */ = {isa = PBXBuildFile; fileRef = 98EC3D852B260A7C0063091F /* MasterMovieTests.swift */; };
		98EC3D902B260A7C0063091F /* MasterMovieUITests.swift in Sources */ = {isa = PBXBuildFile; fileRef = 98EC3D8F2B260A7C0063091F /* MasterMovieUITests.swift */; };
		98EC3D922B260A7C0063091F /* MasterMovieUITestsLaunchTests.swift in Sources */ = {isa = PBXBuildFile; fileRef = 98EC3D912B260A7C0063091F /* MasterMovieUITestsLaunchTests.swift */; };
		98EC3DA12B260C7C0063091F /* MovieMaster.storyboard in Resources */ = {isa = PBXBuildFile; fileRef = 98EC3DA02B260C7C0063091F /* MovieMaster.storyboard */; };
		98EC3DA42B260D420063091F /* AllMoviesListViewController.swift in Sources */ = {isa = PBXBuildFile; fileRef = 98EC3DA32B260D420063091F /* AllMoviesListViewController.swift */; };
		98EC3DA62B260D4F0063091F /* AllMoviesListViewModel.swift in Sources */ = {isa = PBXBuildFile; fileRef = 98EC3DA52B260D4F0063091F /* AllMoviesListViewModel.swift */; };
		98EC3DA82B260D5B0063091F /* AllMoviesListCoordinator.swift in Sources */ = {isa = PBXBuildFile; fileRef = 98EC3DA72B260D5B0063091F /* AllMoviesListCoordinator.swift */; };
		98EC3DAC2B260D8A0063091F /* MoveDetailTableViewCell.swift in Sources */ = {isa = PBXBuildFile; fileRef = 98EC3DAA2B260D8A0063091F /* MoveDetailTableViewCell.swift */; };
		98EC3DAD2B260D8A0063091F /* MoveDetailTableViewCell.xib in Resources */ = {isa = PBXBuildFile; fileRef = 98EC3DAB2B260D8A0063091F /* MoveDetailTableViewCell.xib */; };
		98EC3DAF2B260DA10063091F /* MovieDetailCellModel.swift in Sources */ = {isa = PBXBuildFile; fileRef = 98EC3DAE2B260DA10063091F /* MovieDetailCellModel.swift */; };
		98EC3DB22B260E090063091F /* MovieDetailViewController.swift in Sources */ = {isa = PBXBuildFile; fileRef = 98EC3DB12B260E090063091F /* MovieDetailViewController.swift */; };
		98EC3DB42B260E170063091F /* MovieDetailViewModel.swift in Sources */ = {isa = PBXBuildFile; fileRef = 98EC3DB32B260E170063091F /* MovieDetailViewModel.swift */; };
		98EC3DB62B260E230063091F /* MovieDetailCoordinator.swift in Sources */ = {isa = PBXBuildFile; fileRef = 98EC3DB52B260E230063091F /* MovieDetailCoordinator.swift */; };
		98EC3DBB2B2610010063091F /* APIClient.swift in Sources */ = {isa = PBXBuildFile; fileRef = 98EC3DBA2B2610010063091F /* APIClient.swift */; };
		98EC3DBD2B26100C0063091F /* APIRouter.swift in Sources */ = {isa = PBXBuildFile; fileRef = 98EC3DBC2B26100C0063091F /* APIRouter.swift */; };
		98EC3DBF2B26101C0063091F /* APIError.swift in Sources */ = {isa = PBXBuildFile; fileRef = 98EC3DBE2B26101C0063091F /* APIError.swift */; };
		98EC3DC12B2610B90063091F /* Constants.swift in Sources */ = {isa = PBXBuildFile; fileRef = 98EC3DC02B2610B90063091F /* Constants.swift */; };
		98EC3DC32B2611F50063091F /* ViewControllerFactory.swift in Sources */ = {isa = PBXBuildFile; fileRef = 98EC3DC22B2611F50063091F /* ViewControllerFactory.swift */; };
		98EC3DC52B2612230063091F /* Storyboard.swift in Sources */ = {isa = PBXBuildFile; fileRef = 98EC3DC42B2612230063091F /* Storyboard.swift */; };
		98EC3DC82B26128C0063091F /* ExtOfViewController.swift in Sources */ = {isa = PBXBuildFile; fileRef = 98EC3DC72B26128C0063091F /* ExtOfViewController.swift */; };
		98EC3DCC2B2614020063091F /* MovieMasterService.swift in Sources */ = {isa = PBXBuildFile; fileRef = 98EC3DCB2B2614020063091F /* MovieMasterService.swift */; };
		98EC3DCE2B2614250063091F /* AllMoviesResponse.swift in Sources */ = {isa = PBXBuildFile; fileRef = 98EC3DCD2B2614250063091F /* AllMoviesResponse.swift */; };
/* End PBXBuildFile section */

/* Begin PBXContainerItemProxy section */
		98EC3D822B260A7C0063091F /* PBXContainerItemProxy */ = {
			isa = PBXContainerItemProxy;
			containerPortal = 98EC3D632B260A7A0063091F /* Project object */;
			proxyType = 1;
			remoteGlobalIDString = 98EC3D6A2B260A7A0063091F;
			remoteInfo = MasterMovie;
		};
		98EC3D8C2B260A7C0063091F /* PBXContainerItemProxy */ = {
			isa = PBXContainerItemProxy;
			containerPortal = 98EC3D632B260A7A0063091F /* Project object */;
			proxyType = 1;
			remoteGlobalIDString = 98EC3D6A2B260A7A0063091F;
			remoteInfo = MasterMovie;
		};
/* End PBXContainerItemProxy section */

/* Begin PBXFileReference section */
		98EC3D6B2B260A7A0063091F /* MasterMovie.app */ = {isa = PBXFileReference; explicitFileType = wrapper.application; includeInIndex = 0; path = MasterMovie.app; sourceTree = BUILT_PRODUCTS_DIR; };
		98EC3D6E2B260A7A0063091F /* AppDelegate.swift */ = {isa = PBXFileReference; lastKnownFileType = sourcecode.swift; path = AppDelegate.swift; sourceTree = "<group>"; };
		98EC3D702B260A7A0063091F /* SceneDelegate.swift */ = {isa = PBXFileReference; lastKnownFileType = sourcecode.swift; path = SceneDelegate.swift; sourceTree = "<group>"; };
		98EC3D772B260A7C0063091F /* Assets.xcassets */ = {isa = PBXFileReference; lastKnownFileType = folder.assetcatalog; path = Assets.xcassets; sourceTree = "<group>"; };
		98EC3D7A2B260A7C0063091F /* Base */ = {isa = PBXFileReference; lastKnownFileType = file.storyboard; name = Base; path = Base.lproj/LaunchScreen.storyboard; sourceTree = "<group>"; };
		98EC3D7C2B260A7C0063091F /* Info.plist */ = {isa = PBXFileReference; lastKnownFileType = text.plist.xml; path = Info.plist; sourceTree = "<group>"; };
		98EC3D812B260A7C0063091F /* MasterMovieTests.xctest */ = {isa = PBXFileReference; explicitFileType = wrapper.cfbundle; includeInIndex = 0; path = MasterMovieTests.xctest; sourceTree = BUILT_PRODUCTS_DIR; };
		98EC3D852B260A7C0063091F /* MasterMovieTests.swift */ = {isa = PBXFileReference; lastKnownFileType = sourcecode.swift; path = MasterMovieTests.swift; sourceTree = "<group>"; };
		98EC3D8B2B260A7C0063091F /* MasterMovieUITests.xctest */ = {isa = PBXFileReference; explicitFileType = wrapper.cfbundle; includeInIndex = 0; path = MasterMovieUITests.xctest; sourceTree = BUILT_PRODUCTS_DIR; };
		98EC3D8F2B260A7C0063091F /* MasterMovieUITests.swift */ = {isa = PBXFileReference; lastKnownFileType = sourcecode.swift; path = MasterMovieUITests.swift; sourceTree = "<group>"; };
		98EC3D912B260A7C0063091F /* MasterMovieUITestsLaunchTests.swift */ = {isa = PBXFileReference; lastKnownFileType = sourcecode.swift; path = MasterMovieUITestsLaunchTests.swift; sourceTree = "<group>"; };
		98EC3DA02B260C7C0063091F /* MovieMaster.storyboard */ = {isa = PBXFileReference; lastKnownFileType = file.storyboard; path = MovieMaster.storyboard; sourceTree = "<group>"; };
		98EC3DA32B260D420063091F /* AllMoviesListViewController.swift */ = {isa = PBXFileReference; lastKnownFileType = sourcecode.swift; path = AllMoviesListViewController.swift; sourceTree = "<group>"; };
		98EC3DA52B260D4F0063091F /* AllMoviesListViewModel.swift */ = {isa = PBXFileReference; lastKnownFileType = sourcecode.swift; path = AllMoviesListViewModel.swift; sourceTree = "<group>"; };
		98EC3DA72B260D5B0063091F /* AllMoviesListCoordinator.swift */ = {isa = PBXFileReference; lastKnownFileType = sourcecode.swift; path = AllMoviesListCoordinator.swift; sourceTree = "<group>"; };
		98EC3DAA2B260D8A0063091F /* MoveDetailTableViewCell.swift */ = {isa = PBXFileReference; lastKnownFileType = sourcecode.swift; path = MoveDetailTableViewCell.swift; sourceTree = "<group>"; };
		98EC3DAB2B260D8A0063091F /* MoveDetailTableViewCell.xib */ = {isa = PBXFileReference; lastKnownFileType = file.xib; path = MoveDetailTableViewCell.xib; sourceTree = "<group>"; };
		98EC3DAE2B260DA10063091F /* MovieDetailCellModel.swift */ = {isa = PBXFileReference; lastKnownFileType = sourcecode.swift; path = MovieDetailCellModel.swift; sourceTree = "<group>"; };
		98EC3DB12B260E090063091F /* MovieDetailViewController.swift */ = {isa = PBXFileReference; lastKnownFileType = sourcecode.swift; path = MovieDetailViewController.swift; sourceTree = "<group>"; };
		98EC3DB32B260E170063091F /* MovieDetailViewModel.swift */ = {isa = PBXFileReference; lastKnownFileType = sourcecode.swift; path = MovieDetailViewModel.swift; sourceTree = "<group>"; };
		98EC3DB52B260E230063091F /* MovieDetailCoordinator.swift */ = {isa = PBXFileReference; lastKnownFileType = sourcecode.swift; path = MovieDetailCoordinator.swift; sourceTree = "<group>"; };
		98EC3DBA2B2610010063091F /* APIClient.swift */ = {isa = PBXFileReference; lastKnownFileType = sourcecode.swift; path = APIClient.swift; sourceTree = "<group>"; };
		98EC3DBC2B26100C0063091F /* APIRouter.swift */ = {isa = PBXFileReference; lastKnownFileType = sourcecode.swift; path = APIRouter.swift; sourceTree = "<group>"; };
		98EC3DBE2B26101C0063091F /* APIError.swift */ = {isa = PBXFileReference; lastKnownFileType = sourcecode.swift; path = APIError.swift; sourceTree = "<group>"; };
		98EC3DC02B2610B90063091F /* Constants.swift */ = {isa = PBXFileReference; lastKnownFileType = sourcecode.swift; path = Constants.swift; sourceTree = "<group>"; };
		98EC3DC22B2611F50063091F /* ViewControllerFactory.swift */ = {isa = PBXFileReference; lastKnownFileType = sourcecode.swift; path = ViewControllerFactory.swift; sourceTree = "<group>"; };
		98EC3DC42B2612230063091F /* Storyboard.swift */ = {isa = PBXFileReference; lastKnownFileType = sourcecode.swift; path = Storyboard.swift; sourceTree = "<group>"; };
		98EC3DC72B26128C0063091F /* ExtOfViewController.swift */ = {isa = PBXFileReference; lastKnownFileType = sourcecode.swift; path = ExtOfViewController.swift; sourceTree = "<group>"; };
		98EC3DCB2B2614020063091F /* MovieMasterService.swift */ = {isa = PBXFileReference; lastKnownFileType = sourcecode.swift; path = MovieMasterService.swift; sourceTree = "<group>"; };
		98EC3DCD2B2614250063091F /* AllMoviesResponse.swift */ = {isa = PBXFileReference; lastKnownFileType = sourcecode.swift; path = AllMoviesResponse.swift; sourceTree = "<group>"; };
/* End PBXFileReference section */

/* Begin PBXFrameworksBuildPhase section */
		98EC3D682B260A7A0063091F /* Frameworks */ = {
			isa = PBXFrameworksBuildPhase;
			buildActionMask = 2147483647;
			files = (
			);
			runOnlyForDeploymentPostprocessing = 0;
		};
		98EC3D7E2B260A7C0063091F /* Frameworks */ = {
			isa = PBXFrameworksBuildPhase;
			buildActionMask = 2147483647;
			files = (
			);
			runOnlyForDeploymentPostprocessing = 0;
		};
		98EC3D882B260A7C0063091F /* Frameworks */ = {
			isa = PBXFrameworksBuildPhase;
			buildActionMask = 2147483647;
			files = (
			);
			runOnlyForDeploymentPostprocessing = 0;
		};
/* End PBXFrameworksBuildPhase section */

/* Begin PBXGroup section */
		98EC3D622B260A7A0063091F = {
			isa = PBXGroup;
			children = (
				98EC3D6D2B260A7A0063091F /* MasterMovie */,
				98EC3D842B260A7C0063091F /* MasterMovieTests */,
				98EC3D8E2B260A7C0063091F /* MasterMovieUITests */,
				98EC3D6C2B260A7A0063091F /* Products */,
			);
			sourceTree = "<group>";
		};
		98EC3D6C2B260A7A0063091F /* Products */ = {
			isa = PBXGroup;
			children = (
				98EC3D6B2B260A7A0063091F /* MasterMovie.app */,
				98EC3D812B260A7C0063091F /* MasterMovieTests.xctest */,
				98EC3D8B2B260A7C0063091F /* MasterMovieUITests.xctest */,
			);
			name = Products;
			sourceTree = "<group>";
		};
		98EC3D6D2B260A7A0063091F /* MasterMovie */ = {
			isa = PBXGroup;
			children = (
				98EC3DCA2B2613EB0063091F /* Models */,
				98EC3DC92B2613E30063091F /* Services */,
				98EC3DC62B2612760063091F /* Extensions */,
				98EC3DB92B260FC60063091F /* General */,
				98EC3DB82B260FAA0063091F /* BaseController */,
				98EC3DB72B260F8E0063091F /* APIClient */,
				98EC3D9E2B260C4C0063091F /* Module */,
				98EC3D6E2B260A7A0063091F /* AppDelegate.swift */,
				98EC3D702B260A7A0063091F /* SceneDelegate.swift */,
				98EC3D772B260A7C0063091F /* Assets.xcassets */,
				98EC3D792B260A7C0063091F /* LaunchScreen.storyboard */,
				98EC3D7C2B260A7C0063091F /* Info.plist */,
			);
			path = MasterMovie;
			sourceTree = "<group>";
		};
		98EC3D842B260A7C0063091F /* MasterMovieTests */ = {
			isa = PBXGroup;
			children = (
				98EC3D852B260A7C0063091F /* MasterMovieTests.swift */,
			);
			path = MasterMovieTests;
			sourceTree = "<group>";
		};
		98EC3D8E2B260A7C0063091F /* MasterMovieUITests */ = {
			isa = PBXGroup;
			children = (
				98EC3D8F2B260A7C0063091F /* MasterMovieUITests.swift */,
				98EC3D912B260A7C0063091F /* MasterMovieUITestsLaunchTests.swift */,
			);
			path = MasterMovieUITests;
			sourceTree = "<group>";
		};
		98EC3D9E2B260C4C0063091F /* Module */ = {
			isa = PBXGroup;
			children = (
				98EC3D9F2B260C670063091F /* MovieMaster */,
			);
			path = Module;
			sourceTree = "<group>";
		};
		98EC3D9F2B260C670063091F /* MovieMaster */ = {
			isa = PBXGroup;
			children = (
				98EC3DB02B260DA90063091F /* MovieDetail */,
				98EC3DA22B260D260063091F /* AllMoviesList */,
				98EC3DA02B260C7C0063091F /* MovieMaster.storyboard */,
			);
			path = MovieMaster;
			sourceTree = "<group>";
		};
		98EC3DA22B260D260063091F /* AllMoviesList */ = {
			isa = PBXGroup;
			children = (
				98EC3DA92B260D640063091F /* UITableViewCell */,
				98EC3DA32B260D420063091F /* AllMoviesListViewController.swift */,
				98EC3DA52B260D4F0063091F /* AllMoviesListViewModel.swift */,
				98EC3DA72B260D5B0063091F /* AllMoviesListCoordinator.swift */,
			);
			path = AllMoviesList;
			sourceTree = "<group>";
		};
		98EC3DA92B260D640063091F /* UITableViewCell */ = {
			isa = PBXGroup;
			children = (
				98EC3DAA2B260D8A0063091F /* MoveDetailTableViewCell.swift */,
				98EC3DAB2B260D8A0063091F /* MoveDetailTableViewCell.xib */,
				98EC3DAE2B260DA10063091F /* MovieDetailCellModel.swift */,
			);
			path = UITableViewCell;
			sourceTree = "<group>";
		};
		98EC3DB02B260DA90063091F /* MovieDetail */ = {
			isa = PBXGroup;
			children = (
				98EC3DB12B260E090063091F /* MovieDetailViewController.swift */,
				98EC3DB32B260E170063091F /* MovieDetailViewModel.swift */,
				98EC3DB52B260E230063091F /* MovieDetailCoordinator.swift */,
			);
			path = MovieDetail;
			sourceTree = "<group>";
		};
		98EC3DB72B260F8E0063091F /* APIClient */ = {
			isa = PBXGroup;
			children = (
				98EC3DBA2B2610010063091F /* APIClient.swift */,
				98EC3DBC2B26100C0063091F /* APIRouter.swift */,
				98EC3DBE2B26101C0063091F /* APIError.swift */,
			);
			path = APIClient;
			sourceTree = "<group>";
		};
		98EC3DB82B260FAA0063091F /* BaseController */ = {
			isa = PBXGroup;
			children = (
			);
			path = BaseController;
			sourceTree = "<group>";
		};
		98EC3DB92B260FC60063091F /* General */ = {
			isa = PBXGroup;
			children = (
				98EC3DC02B2610B90063091F /* Constants.swift */,
				98EC3DC22B2611F50063091F /* ViewControllerFactory.swift */,
				98EC3DC42B2612230063091F /* Storyboard.swift */,
			);
			path = General;
			sourceTree = "<group>";
		};
		98EC3DC62B2612760063091F /* Extensions */ = {
			isa = PBXGroup;
			children = (
				98EC3DC72B26128C0063091F /* ExtOfViewController.swift */,
			);
			path = Extensions;
			sourceTree = "<group>";
		};
		98EC3DC92B2613E30063091F /* Services */ = {
			isa = PBXGroup;
			children = (
				98EC3DCB2B2614020063091F /* MovieMasterService.swift */,
			);
			path = Services;
			sourceTree = "<group>";
		};
		98EC3DCA2B2613EB0063091F /* Models */ = {
			isa = PBXGroup;
			children = (
				98EC3DCD2B2614250063091F /* AllMoviesResponse.swift */,
			);
			path = Models;
			sourceTree = "<group>";
		};
/* End PBXGroup section */

/* Begin PBXNativeTarget section */
		98EC3D6A2B260A7A0063091F /* MasterMovie */ = {
			isa = PBXNativeTarget;
			buildConfigurationList = 98EC3D952B260A7C0063091F /* Build configuration list for PBXNativeTarget "MasterMovie" */;
			buildPhases = (
				98EC3D672B260A7A0063091F /* Sources */,
				98EC3D682B260A7A0063091F /* Frameworks */,
				98EC3D692B260A7A0063091F /* Resources */,
			);
			buildRules = (
			);
			dependencies = (
			);
			name = MasterMovie;
			productName = MasterMovie;
			productReference = 98EC3D6B2B260A7A0063091F /* MasterMovie.app */;
			productType = "com.apple.product-type.application";
		};
		98EC3D802B260A7C0063091F /* MasterMovieTests */ = {
			isa = PBXNativeTarget;
			buildConfigurationList = 98EC3D982B260A7C0063091F /* Build configuration list for PBXNativeTarget "MasterMovieTests" */;
			buildPhases = (
				98EC3D7D2B260A7C0063091F /* Sources */,
				98EC3D7E2B260A7C0063091F /* Frameworks */,
				98EC3D7F2B260A7C0063091F /* Resources */,
			);
			buildRules = (
			);
			dependencies = (
				98EC3D832B260A7C0063091F /* PBXTargetDependency */,
			);
			name = MasterMovieTests;
			productName = MasterMovieTests;
			productReference = 98EC3D812B260A7C0063091F /* MasterMovieTests.xctest */;
			productType = "com.apple.product-type.bundle.unit-test";
		};
		98EC3D8A2B260A7C0063091F /* MasterMovieUITests */ = {
			isa = PBXNativeTarget;
			buildConfigurationList = 98EC3D9B2B260A7C0063091F /* Build configuration list for PBXNativeTarget "MasterMovieUITests" */;
			buildPhases = (
				98EC3D872B260A7C0063091F /* Sources */,
				98EC3D882B260A7C0063091F /* Frameworks */,
				98EC3D892B260A7C0063091F /* Resources */,
			);
			buildRules = (
			);
			dependencies = (
				98EC3D8D2B260A7C0063091F /* PBXTargetDependency */,
			);
			name = MasterMovieUITests;
			productName = MasterMovieUITests;
			productReference = 98EC3D8B2B260A7C0063091F /* MasterMovieUITests.xctest */;
			productType = "com.apple.product-type.bundle.ui-testing";
		};
/* End PBXNativeTarget section */

/* Begin PBXProject section */
		98EC3D632B260A7A0063091F /* Project object */ = {
			isa = PBXProject;
			attributes = {
				BuildIndependentTargetsInParallel = 1;
				LastSwiftUpdateCheck = 1430;
				LastUpgradeCheck = 1430;
				TargetAttributes = {
					98EC3D6A2B260A7A0063091F = {
						CreatedOnToolsVersion = 14.3;
					};
					98EC3D802B260A7C0063091F = {
						CreatedOnToolsVersion = 14.3;
						TestTargetID = 98EC3D6A2B260A7A0063091F;
					};
					98EC3D8A2B260A7C0063091F = {
						CreatedOnToolsVersion = 14.3;
						TestTargetID = 98EC3D6A2B260A7A0063091F;
					};
				};
			};
			buildConfigurationList = 98EC3D662B260A7A0063091F /* Build configuration list for PBXProject "MasterMovie" */;
			compatibilityVersion = "Xcode 14.0";
			developmentRegion = en;
			hasScannedForEncodings = 0;
			knownRegions = (
				en,
				Base,
			);
			mainGroup = 98EC3D622B260A7A0063091F;
			productRefGroup = 98EC3D6C2B260A7A0063091F /* Products */;
			projectDirPath = "";
			projectRoot = "";
			targets = (
				98EC3D6A2B260A7A0063091F /* MasterMovie */,
				98EC3D802B260A7C0063091F /* MasterMovieTests */,
				98EC3D8A2B260A7C0063091F /* MasterMovieUITests */,
			);
		};
/* End PBXProject section */

/* Begin PBXResourcesBuildPhase section */
		98EC3D692B260A7A0063091F /* Resources */ = {
			isa = PBXResourcesBuildPhase;
			buildActionMask = 2147483647;
			files = (
				98EC3D7B2B260A7C0063091F /* LaunchScreen.storyboard in Resources */,
				98EC3DAD2B260D8A0063091F /* MoveDetailTableViewCell.xib in Resources */,
				98EC3DA12B260C7C0063091F /* MovieMaster.storyboard in Resources */,
				98EC3D782B260A7C0063091F /* Assets.xcassets in Resources */,
			);
			runOnlyForDeploymentPostprocessing = 0;
		};
		98EC3D7F2B260A7C0063091F /* Resources */ = {
			isa = PBXResourcesBuildPhase;
			buildActionMask = 2147483647;
			files = (
			);
			runOnlyForDeploymentPostprocessing = 0;
		};
		98EC3D892B260A7C0063091F /* Resources */ = {
			isa = PBXResourcesBuildPhase;
			buildActionMask = 2147483647;
			files = (
			);
			runOnlyForDeploymentPostprocessing = 0;
		};
/* End PBXResourcesBuildPhase section */

/* Begin PBXSourcesBuildPhase section */
		98EC3D672B260A7A0063091F /* Sources */ = {
			isa = PBXSourcesBuildPhase;
			buildActionMask = 2147483647;
			files = (
				98EC3DC82B26128C0063091F /* ExtOfViewController.swift in Sources */,
				98EC3DB62B260E230063091F /* MovieDetailCoordinator.swift in Sources */,
				98EC3DCC2B2614020063091F /* MovieMasterService.swift in Sources */,
				98EC3DBD2B26100C0063091F /* APIRouter.swift in Sources */,
				98EC3DAC2B260D8A0063091F /* MoveDetailTableViewCell.swift in Sources */,
				98EC3DAF2B260DA10063091F /* MovieDetailCellModel.swift in Sources */,
				98EC3DC52B2612230063091F /* Storyboard.swift in Sources */,
				98EC3DA82B260D5B0063091F /* AllMoviesListCoordinator.swift in Sources */,
				98EC3DA62B260D4F0063091F /* AllMoviesListViewModel.swift in Sources */,
				98EC3DC32B2611F50063091F /* ViewControllerFactory.swift in Sources */,
				98EC3DBB2B2610010063091F /* APIClient.swift in Sources */,
				98EC3D6F2B260A7A0063091F /* AppDelegate.swift in Sources */,
				98EC3DB42B260E170063091F /* MovieDetailViewModel.swift in Sources */,
				98EC3DA42B260D420063091F /* AllMoviesListViewController.swift in Sources */,
				98EC3DB22B260E090063091F /* MovieDetailViewController.swift in Sources */,
				98EC3DC12B2610B90063091F /* Constants.swift in Sources */,
				98EC3D712B260A7A0063091F /* SceneDelegate.swift in Sources */,
				98EC3DCE2B2614250063091F /* AllMoviesResponse.swift in Sources */,
				98EC3DBF2B26101C0063091F /* APIError.swift in Sources */,
			);
			runOnlyForDeploymentPostprocessing = 0;
		};
		98EC3D7D2B260A7C0063091F /* Sources */ = {
			isa = PBXSourcesBuildPhase;
			buildActionMask = 2147483647;
			files = (
				98EC3D862B260A7C0063091F /* MasterMovieTests.swift in Sources */,
			);
			runOnlyForDeploymentPostprocessing = 0;
		};
		98EC3D872B260A7C0063091F /* Sources */ = {
			isa = PBXSourcesBuildPhase;
			buildActionMask = 2147483647;
			files = (
				98EC3D902B260A7C0063091F /* MasterMovieUITests.swift in Sources */,
				98EC3D922B260A7C0063091F /* MasterMovieUITestsLaunchTests.swift in Sources */,
			);
			runOnlyForDeploymentPostprocessing = 0;
		};
/* End PBXSourcesBuildPhase section */

/* Begin PBXTargetDependency section */
		98EC3D832B260A7C0063091F /* PBXTargetDependency */ = {
			isa = PBXTargetDependency;
			target = 98EC3D6A2B260A7A0063091F /* MasterMovie */;
			targetProxy = 98EC3D822B260A7C0063091F /* PBXContainerItemProxy */;
		};
		98EC3D8D2B260A7C0063091F /* PBXTargetDependency */ = {
			isa = PBXTargetDependency;
			target = 98EC3D6A2B260A7A0063091F /* MasterMovie */;
			targetProxy = 98EC3D8C2B260A7C0063091F /* PBXContainerItemProxy */;
		};
/* End PBXTargetDependency section */

/* Begin PBXVariantGroup section */
		98EC3D792B260A7C0063091F /* LaunchScreen.storyboard */ = {
			isa = PBXVariantGroup;
			children = (
				98EC3D7A2B260A7C0063091F /* Base */,
			);
			name = LaunchScreen.storyboard;
			sourceTree = "<group>";
		};
/* End PBXVariantGroup section */

/* Begin XCBuildConfiguration section */
		98EC3D932B260A7C0063091F /* Debug */ = {
			isa = XCBuildConfiguration;
			buildSettings = {
				ALWAYS_SEARCH_USER_PATHS = NO;
				CLANG_ANALYZER_NONNULL = YES;
				CLANG_ANALYZER_NUMBER_OBJECT_CONVERSION = YES_AGGRESSIVE;
				CLANG_CXX_LANGUAGE_STANDARD = "gnu++20";
				CLANG_ENABLE_MODULES = YES;
				CLANG_ENABLE_OBJC_ARC = YES;
				CLANG_ENABLE_OBJC_WEAK = YES;
				CLANG_WARN_BLOCK_CAPTURE_AUTORELEASING = YES;
				CLANG_WARN_BOOL_CONVERSION = YES;
				CLANG_WARN_COMMA = YES;
				CLANG_WARN_CONSTANT_CONVERSION = YES;
				CLANG_WARN_DEPRECATED_OBJC_IMPLEMENTATIONS = YES;
				CLANG_WARN_DIRECT_OBJC_ISA_USAGE = YES_ERROR;
				CLANG_WARN_DOCUMENTATION_COMMENTS = YES;
				CLANG_WARN_EMPTY_BODY = YES;
				CLANG_WARN_ENUM_CONVERSION = YES;
				CLANG_WARN_INFINITE_RECURSION = YES;
				CLANG_WARN_INT_CONVERSION = YES;
				CLANG_WARN_NON_LITERAL_NULL_CONVERSION = YES;
				CLANG_WARN_OBJC_IMPLICIT_RETAIN_SELF = YES;
				CLANG_WARN_OBJC_LITERAL_CONVERSION = YES;
				CLANG_WARN_OBJC_ROOT_CLASS = YES_ERROR;
				CLANG_WARN_QUOTED_INCLUDE_IN_FRAMEWORK_HEADER = YES;
				CLANG_WARN_RANGE_LOOP_ANALYSIS = YES;
				CLANG_WARN_STRICT_PROTOTYPES = YES;
				CLANG_WARN_SUSPICIOUS_MOVE = YES;
				CLANG_WARN_UNGUARDED_AVAILABILITY = YES_AGGRESSIVE;
				CLANG_WARN_UNREACHABLE_CODE = YES;
				CLANG_WARN__DUPLICATE_METHOD_MATCH = YES;
				COPY_PHASE_STRIP = NO;
				DEBUG_INFORMATION_FORMAT = dwarf;
				ENABLE_STRICT_OBJC_MSGSEND = YES;
				ENABLE_TESTABILITY = YES;
				GCC_C_LANGUAGE_STANDARD = gnu11;
				GCC_DYNAMIC_NO_PIC = NO;
				GCC_NO_COMMON_BLOCKS = YES;
				GCC_OPTIMIZATION_LEVEL = 0;
				GCC_PREPROCESSOR_DEFINITIONS = (
					"DEBUG=1",
					"$(inherited)",
				);
				GCC_WARN_64_TO_32_BIT_CONVERSION = YES;
				GCC_WARN_ABOUT_RETURN_TYPE = YES_ERROR;
				GCC_WARN_UNDECLARED_SELECTOR = YES;
				GCC_WARN_UNINITIALIZED_AUTOS = YES_AGGRESSIVE;
				GCC_WARN_UNUSED_FUNCTION = YES;
				GCC_WARN_UNUSED_VARIABLE = YES;
				IPHONEOS_DEPLOYMENT_TARGET = 16.4;
				MTL_ENABLE_DEBUG_INFO = INCLUDE_SOURCE;
				MTL_FAST_MATH = YES;
				ONLY_ACTIVE_ARCH = YES;
				SDKROOT = iphoneos;
				SWIFT_ACTIVE_COMPILATION_CONDITIONS = DEBUG;
				SWIFT_OPTIMIZATION_LEVEL = "-Onone";
			};
			name = Debug;
		};
		98EC3D942B260A7C0063091F /* Release */ = {
			isa = XCBuildConfiguration;
			buildSettings = {
				ALWAYS_SEARCH_USER_PATHS = NO;
				CLANG_ANALYZER_NONNULL = YES;
				CLANG_ANALYZER_NUMBER_OBJECT_CONVERSION = YES_AGGRESSIVE;
				CLANG_CXX_LANGUAGE_STANDARD = "gnu++20";
				CLANG_ENABLE_MODULES = YES;
				CLANG_ENABLE_OBJC_ARC = YES;
				CLANG_ENABLE_OBJC_WEAK = YES;
				CLANG_WARN_BLOCK_CAPTURE_AUTORELEASING = YES;
				CLANG_WARN_BOOL_CONVERSION = YES;
				CLANG_WARN_COMMA = YES;
				CLANG_WARN_CONSTANT_CONVERSION = YES;
				CLANG_WARN_DEPRECATED_OBJC_IMPLEMENTATIONS = YES;
				CLANG_WARN_DIRECT_OBJC_ISA_USAGE = YES_ERROR;
				CLANG_WARN_DOCUMENTATION_COMMENTS = YES;
				CLANG_WARN_EMPTY_BODY = YES;
				CLANG_WARN_ENUM_CONVERSION = YES;
				CLANG_WARN_INFINITE_RECURSION = YES;
				CLANG_WARN_INT_CONVERSION = YES;
				CLANG_WARN_NON_LITERAL_NULL_CONVERSION = YES;
				CLANG_WARN_OBJC_IMPLICIT_RETAIN_SELF = YES;
				CLANG_WARN_OBJC_LITERAL_CONVERSION = YES;
				CLANG_WARN_OBJC_ROOT_CLASS = YES_ERROR;
				CLANG_WARN_QUOTED_INCLUDE_IN_FRAMEWORK_HEADER = YES;
				CLANG_WARN_RANGE_LOOP_ANALYSIS = YES;
				CLANG_WARN_STRICT_PROTOTYPES = YES;
				CLANG_WARN_SUSPICIOUS_MOVE = YES;
				CLANG_WARN_UNGUARDED_AVAILABILITY = YES_AGGRESSIVE;
				CLANG_WARN_UNREACHABLE_CODE = YES;
				CLANG_WARN__DUPLICATE_METHOD_MATCH = YES;
				COPY_PHASE_STRIP = NO;
				DEBUG_INFORMATION_FORMAT = "dwarf-with-dsym";
				ENABLE_NS_ASSERTIONS = NO;
				ENABLE_STRICT_OBJC_MSGSEND = YES;
				GCC_C_LANGUAGE_STANDARD = gnu11;
				GCC_NO_COMMON_BLOCKS = YES;
				GCC_WARN_64_TO_32_BIT_CONVERSION = YES;
				GCC_WARN_ABOUT_RETURN_TYPE = YES_ERROR;
				GCC_WARN_UNDECLARED_SELECTOR = YES;
				GCC_WARN_UNINITIALIZED_AUTOS = YES_AGGRESSIVE;
				GCC_WARN_UNUSED_FUNCTION = YES;
				GCC_WARN_UNUSED_VARIABLE = YES;
				IPHONEOS_DEPLOYMENT_TARGET = 16.4;
				MTL_ENABLE_DEBUG_INFO = NO;
				MTL_FAST_MATH = YES;
				SDKROOT = iphoneos;
				SWIFT_COMPILATION_MODE = wholemodule;
				SWIFT_OPTIMIZATION_LEVEL = "-O";
				VALIDATE_PRODUCT = YES;
			};
			name = Release;
		};
		98EC3D962B260A7C0063091F /* Debug */ = {
			isa = XCBuildConfiguration;
			buildSettings = {
				ASSETCATALOG_COMPILER_APPICON_NAME = AppIcon;
				ASSETCATALOG_COMPILER_GLOBAL_ACCENT_COLOR_NAME = AccentColor;
				CODE_SIGN_STYLE = Automatic;
				CURRENT_PROJECT_VERSION = 1;
				GENERATE_INFOPLIST_FILE = YES;
				INFOPLIST_FILE = MasterMovie/Info.plist;
				INFOPLIST_KEY_UIApplicationSupportsIndirectInputEvents = YES;
				INFOPLIST_KEY_UILaunchStoryboardName = LaunchScreen;
				INFOPLIST_KEY_UIMainStoryboardFile = Main;
				INFOPLIST_KEY_UISupportedInterfaceOrientations_iPad = "UIInterfaceOrientationPortrait UIInterfaceOrientationPortraitUpsideDown UIInterfaceOrientationLandscapeLeft UIInterfaceOrientationLandscapeRight";
				INFOPLIST_KEY_UISupportedInterfaceOrientations_iPhone = "UIInterfaceOrientationPortrait UIInterfaceOrientationLandscapeLeft UIInterfaceOrientationLandscapeRight";
				LD_RUNPATH_SEARCH_PATHS = (
					"$(inherited)",
					"@executable_path/Frameworks",
				);
				MARKETING_VERSION = 1.0;
				PRODUCT_BUNDLE_IDENTIFIER = SwipBoxTest.MasterMovie;
				PRODUCT_NAME = "$(TARGET_NAME)";
				SWIFT_EMIT_LOC_STRINGS = YES;
				SWIFT_VERSION = 5.0;
				TARGETED_DEVICE_FAMILY = "1,2";
			};
			name = Debug;
		};
		98EC3D972B260A7C0063091F /* Release */ = {
			isa = XCBuildConfiguration;
			buildSettings = {
				ASSETCATALOG_COMPILER_APPICON_NAME = AppIcon;
				ASSETCATALOG_COMPILER_GLOBAL_ACCENT_COLOR_NAME = AccentColor;
				CODE_SIGN_STYLE = Automatic;
				CURRENT_PROJECT_VERSION = 1;
				GENERATE_INFOPLIST_FILE = YES;
				INFOPLIST_FILE = MasterMovie/Info.plist;
				INFOPLIST_KEY_UIApplicationSupportsIndirectInputEvents = YES;
				INFOPLIST_KEY_UILaunchStoryboardName = LaunchScreen;
				INFOPLIST_KEY_UIMainStoryboardFile = Main;
				INFOPLIST_KEY_UISupportedInterfaceOrientations_iPad = "UIInterfaceOrientationPortrait UIInterfaceOrientationPortraitUpsideDown UIInterfaceOrientationLandscapeLeft UIInterfaceOrientationLandscapeRight";
				INFOPLIST_KEY_UISupportedInterfaceOrientations_iPhone = "UIInterfaceOrientationPortrait UIInterfaceOrientationLandscapeLeft UIInterfaceOrientationLandscapeRight";
				LD_RUNPATH_SEARCH_PATHS = (
					"$(inherited)",
					"@executable_path/Frameworks",
				);
				MARKETING_VERSION = 1.0;
				PRODUCT_BUNDLE_IDENTIFIER = SwipBoxTest.MasterMovie;
				PRODUCT_NAME = "$(TARGET_NAME)";
				SWIFT_EMIT_LOC_STRINGS = YES;
				SWIFT_VERSION = 5.0;
				TARGETED_DEVICE_FAMILY = "1,2";
			};
			name = Release;
		};
		98EC3D992B260A7C0063091F /* Debug */ = {
			isa = XCBuildConfiguration;
			buildSettings = {
				ALWAYS_EMBED_SWIFT_STANDARD_LIBRARIES = YES;
				BUNDLE_LOADER = "$(TEST_HOST)";
				CODE_SIGN_STYLE = Automatic;
				CURRENT_PROJECT_VERSION = 1;
				GENERATE_INFOPLIST_FILE = YES;
				IPHONEOS_DEPLOYMENT_TARGET = 16.4;
				MARKETING_VERSION = 1.0;
				PRODUCT_BUNDLE_IDENTIFIER = SwipBoxTest.MasterMovieTests;
				PRODUCT_NAME = "$(TARGET_NAME)";
				SWIFT_EMIT_LOC_STRINGS = NO;
				SWIFT_VERSION = 5.0;
				TARGETED_DEVICE_FAMILY = "1,2";
				TEST_HOST = "$(BUILT_PRODUCTS_DIR)/MasterMovie.app/$(BUNDLE_EXECUTABLE_FOLDER_PATH)/MasterMovie";
			};
			name = Debug;
		};
		98EC3D9A2B260A7C0063091F /* Release */ = {
			isa = XCBuildConfiguration;
			buildSettings = {
				ALWAYS_EMBED_SWIFT_STANDARD_LIBRARIES = YES;
				BUNDLE_LOADER = "$(TEST_HOST)";
				CODE_SIGN_STYLE = Automatic;
				CURRENT_PROJECT_VERSION = 1;
				GENERATE_INFOPLIST_FILE = YES;
				IPHONEOS_DEPLOYMENT_TARGET = 16.4;
				MARKETING_VERSION = 1.0;
				PRODUCT_BUNDLE_IDENTIFIER = SwipBoxTest.MasterMovieTests;
				PRODUCT_NAME = "$(TARGET_NAME)";
				SWIFT_EMIT_LOC_STRINGS = NO;
				SWIFT_VERSION = 5.0;
				TARGETED_DEVICE_FAMILY = "1,2";
				TEST_HOST = "$(BUILT_PRODUCTS_DIR)/MasterMovie.app/$(BUNDLE_EXECUTABLE_FOLDER_PATH)/MasterMovie";
			};
			name = Release;
		};
		98EC3D9C2B260A7C0063091F /* Debug */ = {
			isa = XCBuildConfiguration;
			buildSettings = {
				ALWAYS_EMBED_SWIFT_STANDARD_LIBRARIES = YES;
				CODE_SIGN_STYLE = Automatic;
				CURRENT_PROJECT_VERSION = 1;
				GENERATE_INFOPLIST_FILE = YES;
				MARKETING_VERSION = 1.0;
				PRODUCT_BUNDLE_IDENTIFIER = SwipBoxTest.MasterMovieUITests;
				PRODUCT_NAME = "$(TARGET_NAME)";
				SWIFT_EMIT_LOC_STRINGS = NO;
				SWIFT_VERSION = 5.0;
				TARGETED_DEVICE_FAMILY = "1,2";
				TEST_TARGET_NAME = MasterMovie;
			};
			name = Debug;
		};
		98EC3D9D2B260A7C0063091F /* Release */ = {
			isa = XCBuildConfiguration;
			buildSettings = {
				ALWAYS_EMBED_SWIFT_STANDARD_LIBRARIES = YES;
				CODE_SIGN_STYLE = Automatic;
				CURRENT_PROJECT_VERSION = 1;
				GENERATE_INFOPLIST_FILE = YES;
				MARKETING_VERSION = 1.0;
				PRODUCT_BUNDLE_IDENTIFIER = SwipBoxTest.MasterMovieUITests;
				PRODUCT_NAME = "$(TARGET_NAME)";
				SWIFT_EMIT_LOC_STRINGS = NO;
				SWIFT_VERSION = 5.0;
				TARGETED_DEVICE_FAMILY = "1,2";
				TEST_TARGET_NAME = MasterMovie;
			};
			name = Release;
		};
/* End XCBuildConfiguration section */

/* Begin XCConfigurationList section */
		98EC3D662B260A7A0063091F /* Build configuration list for PBXProject "MasterMovie" */ = {
			isa = XCConfigurationList;
			buildConfigurations = (
				98EC3D932B260A7C0063091F /* Debug */,
				98EC3D942B260A7C0063091F /* Release */,
			);
			defaultConfigurationIsVisible = 0;
			defaultConfigurationName = Release;
		};
		98EC3D952B260A7C0063091F /* Build configuration list for PBXNativeTarget "MasterMovie" */ = {
			isa = XCConfigurationList;
			buildConfigurations = (
				98EC3D962B260A7C0063091F /* Debug */,
				98EC3D972B260A7C0063091F /* Release */,
			);
			defaultConfigurationIsVisible = 0;
			defaultConfigurationName = Release;
		};
		98EC3D982B260A7C0063091F /* Build configuration list for PBXNativeTarget "MasterMovieTests" */ = {
			isa = XCConfigurationList;
			buildConfigurations = (
				98EC3D992B260A7C0063091F /* Debug */,
				98EC3D9A2B260A7C0063091F /* Release */,
			);
			defaultConfigurationIsVisible = 0;
			defaultConfigurationName = Release;
		};
		98EC3D9B2B260A7C0063091F /* Build configuration list for PBXNativeTarget "MasterMovieUITests" */ = {
			isa = XCConfigurationList;
			buildConfigurations = (
				98EC3D9C2B260A7C0063091F /* Debug */,
				98EC3D9D2B260A7C0063091F /* Release */,
			);
			defaultConfigurationIsVisible = 0;
			defaultConfigurationName = Release;
		};
/* End XCConfigurationList section */
	};
	rootObject = 98EC3D632B260A7A0063091F /* Project object */;
}
